PODS:
  - AdtradeAPI (1.0.0):
    - ATNetworking
  - ATNetworking (1.0.0)

DEPENDENCIES:
  - AdtradeAPI (from `../`)

EXTERNAL SOURCES:
  AdtradeAPI:
    :path: "../"

SPEC CHECKSUMS:
  AdtradeAPI: 09120106fafdf3b78c140f12ff9b2f78e23e25e8
  ATNetworking: fa535fc13fc93dc383dc2dd6952db3f88967f70a

PODFILE CHECKSUM: 03cd81f5daebb27eecbccca57bc5a7e8e788ad73

COCOAPODS: 1.0.0.beta.6
